
Microsoft Visual Studio Solution File, Format Version 12.00
# Visual Studio 2013
VisualStudioVersion = 12.0.30501.0
MinimumVisualStudioVersion = 10.0.40219.1
Project("{FAE04EC0-301F-11D3-BF4B-00C04F79EFBC}") = "smbx-npc-editor", "smbx-npc-editor\smbx-npc-editor.csproj", "{7BAC1F0C-4663-430A-BA60-F4B64686CAD9}"
EndProject
Project("{FAE04EC0-301F-11D3-BF4B-00C04F79EFBC}") = "ini-editor", "ini-editor\ini-editor.csproj", "{6CB331B1-71F9-4845-B3C6-A28736DB6058}"
EndProject
Project("{FAE04EC0-301F-11D3-BF4B-00C04F79EFBC}") = "npc-config-generator", "NPC-config-generator\npc-config-generator.csproj", "{C91C307E-86B9-4A50-A922-0DDE29C13CAE}"
EndProject
Project("{FAE04EC0-301F-11D3-BF4B-00C04F79EFBC}") = "npc-sprite-generator", "Real-Npc-Sprite\npc-sprite-generator.csproj", "{8DA3F825-3FAC-4C77-8481-9E58354E7663}"
EndProject
Project("{FAE04EC0-301F-11D3-BF4B-00C04F79EFBC}") = "NpcConfigFileTest", "NpcConfigFileTest\NpcConfigFileTest.csproj", "{C03FCD13-1A7E-42B0-AE53-12F874E445CD}"
EndProject
Global
	GlobalSection(SolutionConfigurationPlatforms) = preSolution
		Debug|Any CPU = Debug|Any CPU
		Debug|Mixed Platforms = Debug|Mixed Platforms
		Debug|x86 = Debug|x86
		Release|Any CPU = Release|Any CPU
		Release|Mixed Platforms = Release|Mixed Platforms
		Release|x86 = Release|x86
	EndGlobalSection
	GlobalSection(ProjectConfigurationPlatforms) = postSolution
		{7BAC1F0C-4663-430A-BA60-F4B64686CAD9}.Debug|Any CPU.ActiveCfg = Debug|x86
		{7BAC1F0C-4663-430A-BA60-F4B64686CAD9}.Debug|Mixed Platforms.ActiveCfg = Debug|x86
		{7BAC1F0C-4663-430A-BA60-F4B64686CAD9}.Debug|Mixed Platforms.Build.0 = Debug|x86
		{7BAC1F0C-4663-430A-BA60-F4B64686CAD9}.Debug|x86.ActiveCfg = Debug|x86
		{7BAC1F0C-4663-430A-BA60-F4B64686CAD9}.Debug|x86.Build.0 = Debug|x86
		{7BAC1F0C-4663-430A-BA60-F4B64686CAD9}.Release|Any CPU.ActiveCfg = Release|x86
		{7BAC1F0C-4663-430A-BA60-F4B64686CAD9}.Release|Mixed Platforms.ActiveCfg = Release|x86
		{7BAC1F0C-4663-430A-BA60-F4B64686CAD9}.Release|Mixed Platforms.Build.0 = Release|x86
		{7BAC1F0C-4663-430A-BA60-F4B64686CAD9}.Release|x86.ActiveCfg = Release|x86
		{7BAC1F0C-4663-430A-BA60-F4B64686CAD9}.Release|x86.Build.0 = Release|x86
		{6CB331B1-71F9-4845-B3C6-A28736DB6058}.Debug|Any CPU.ActiveCfg = Debug|x86
		{6CB331B1-71F9-4845-B3C6-A28736DB6058}.Debug|Mixed Platforms.ActiveCfg = Debug|x86
		{6CB331B1-71F9-4845-B3C6-A28736DB6058}.Debug|Mixed Platforms.Build.0 = Debug|x86
		{6CB331B1-71F9-4845-B3C6-A28736DB6058}.Debug|x86.ActiveCfg = Debug|x86
		{6CB331B1-71F9-4845-B3C6-A28736DB6058}.Debug|x86.Build.0 = Debug|x86
		{6CB331B1-71F9-4845-B3C6-A28736DB6058}.Release|Any CPU.ActiveCfg = Release|x86
		{6CB331B1-71F9-4845-B3C6-A28736DB6058}.Release|Mixed Platforms.ActiveCfg = Release|x86
		{6CB331B1-71F9-4845-B3C6-A28736DB6058}.Release|Mixed Platforms.Build.0 = Release|x86
		{6CB331B1-71F9-4845-B3C6-A28736DB6058}.Release|x86.ActiveCfg = Release|x86
		{6CB331B1-71F9-4845-B3C6-A28736DB6058}.Release|x86.Build.0 = Release|x86
		{C91C307E-86B9-4A50-A922-0DDE29C13CAE}.Debug|Any CPU.ActiveCfg = Debug|x86
		{C91C307E-86B9-4A50-A922-0DDE29C13CAE}.Debug|Mixed Platforms.ActiveCfg = Debug|x86
		{C91C307E-86B9-4A50-A922-0DDE29C13CAE}.Debug|Mixed Platforms.Build.0 = Debug|x86
		{C91C307E-86B9-4A50-A922-0DDE29C13CAE}.Debug|x86.ActiveCfg = Debug|x86
		{C91C307E-86B9-4A50-A922-0DDE29C13CAE}.Debug|x86.Build.0 = Debug|x86
		{C91C307E-86B9-4A50-A922-0DDE29C13CAE}.Release|Any CPU.ActiveCfg = Release|x86
		{C91C307E-86B9-4A50-A922-0DDE29C13CAE}.Release|Mixed Platforms.ActiveCfg = Release|x86
		{C91C307E-86B9-4A50-A922-0DDE29C13CAE}.Release|Mixed Platforms.Build.0 = Release|x86
		{C91C307E-86B9-4A50-A922-0DDE29C13CAE}.Release|x86.ActiveCfg = Release|x86
		{C91C307E-86B9-4A50-A922-0DDE29C13CAE}.Release|x86.Build.0 = Release|x86
		{8DA3F825-3FAC-4C77-8481-9E58354E7663}.Debug|Any CPU.ActiveCfg = Debug|x86
		{8DA3F825-3FAC-4C77-8481-9E58354E7663}.Debug|Mixed Platforms.ActiveCfg = Debug|x86
		{8DA3F825-3FAC-4C77-8481-9E58354E7663}.Debug|Mixed Platforms.Build.0 = Debug|x86
		{8DA3F825-3FAC-4C77-8481-9E58354E7663}.Debug|x86.ActiveCfg = Debug|x86
		{8DA3F825-3FAC-4C77-8481-9E58354E7663}.Debug|x86.Build.0 = Debug|x86
		{8DA3F825-3FAC-4C77-8481-9E58354E7663}.Release|Any CPU.ActiveCfg = Release|x86
		{8DA3F825-3FAC-4C77-8481-9E58354E7663}.Release|Mixed Platforms.ActiveCfg = Release|x86
		{8DA3F825-3FAC-4C77-8481-9E58354E7663}.Release|Mixed Platforms.Build.0 = Release|x86
		{8DA3F825-3FAC-4C77-8481-9E58354E7663}.Release|x86.ActiveCfg = Release|x86
		{8DA3F825-3FAC-4C77-8481-9E58354E7663}.Release|x86.Build.0 = Release|x86
		{C03FCD13-1A7E-42B0-AE53-12F874E445CD}.Debug|Any CPU.ActiveCfg = Debug|Any CPU
		{C03FCD13-1A7E-42B0-AE53-12F874E445CD}.Debug|Any CPU.Build.0 = Debug|Any CPU
		{C03FCD13-1A7E-42B0-AE53-12F874E445CD}.Debug|Mixed Platforms.ActiveCfg = Debug|Any CPU
		{C03FCD13-1A7E-42B0-AE53-12F874E445CD}.Debug|Mixed Platforms.Build.0 = Debug|Any CPU
		{C03FCD13-1A7E-42B0-AE53-12F874E445CD}.Debug|x86.ActiveCfg = Debug|Any CPU
		{C03FCD13-1A7E-42B0-AE53-12F874E445CD}.Release|Any CPU.ActiveCfg = Release|Any CPU
		{C03FCD13-1A7E-42B0-AE53-12F874E445CD}.Release|Any CPU.Build.0 = Release|Any CPU
		{C03FCD13-1A7E-42B0-AE53-12F874E445CD}.Release|Mixed Platforms.ActiveCfg = Release|Any CPU
		{C03FCD13-1A7E-42B0-AE53-12F874E445CD}.Release|Mixed Platforms.Build.0 = Release|Any CPU
		{C03FCD13-1A7E-42B0-AE53-12F874E445CD}.Release|x86.ActiveCfg = Release|Any CPU
	EndGlobalSection
	GlobalSection(SolutionProperties) = preSolution
		HideSolutionNode = FALSE
	EndGlobalSection
EndGlobal
